
Microsoft Visual Studio Solution File, Format Version 12.00
# Visual Studio Version 17
VisualStudioVersion = 17.2.32526.322
MinimumVisualStudioVersion = 10.0.40219.1
Project("{9A19103F-16F7-4668-BE54-9A1E7A4F7556}") = "MeetupApi.DAL", "MeetupApi.DAL\MeetupApi.DAL.csproj", "{ACF57D0E-E413-4D78-8D33-EB210DF1341B}"
EndProject
Project("{9A19103F-16F7-4668-BE54-9A1E7A4F7556}") = "MeetupApi.BLL", "MeetupApi.BLL\MeetupApi.BLL.csproj", "{6BDDDB6A-990A-4A05-B96F-1BF5677A555F}"
EndProject
Project("{9A19103F-16F7-4668-BE54-9A1E7A4F7556}") = "MeetupApi.UI", "MeetupApi.UI\MeetupApi.UI.csproj", "{780E216A-0140-450A-88D2-2B249EF5ABE1}"
EndProject
Global
	GlobalSection(SolutionConfigurationPlatforms) = preSolution
		Debug|Any CPU = Debug|Any CPU
		Release|Any CPU = Release|Any CPU
	EndGlobalSection
	GlobalSection(ProjectConfigurationPlatforms) = postSolution
		{ACF57D0E-E413-4D78-8D33-EB210DF1341B}.Debug|Any CPU.ActiveCfg = Debug|Any CPU
		{ACF57D0E-E413-4D78-8D33-EB210DF1341B}.Debug|Any CPU.Build.0 = Debug|Any CPU
		{ACF57D0E-E413-4D78-8D33-EB210DF1341B}.Release|Any CPU.ActiveCfg = Release|Any CPU
		{ACF57D0E-E413-4D78-8D33-EB210DF1341B}.Release|Any CPU.Build.0 = Release|Any CPU
		{6BDDDB6A-990A-4A05-B96F-1BF5677A555F}.Debug|Any CPU.ActiveCfg = Debug|Any CPU
		{6BDDDB6A-990A-4A05-B96F-1BF5677A555F}.Debug|Any CPU.Build.0 = Debug|Any CPU
		{6BDDDB6A-990A-4A05-B96F-1BF5677A555F}.Release|Any CPU.ActiveCfg = Release|Any CPU
		{6BDDDB6A-990A-4A05-B96F-1BF5677A555F}.Release|Any CPU.Build.0 = Release|Any CPU
		{780E216A-0140-450A-88D2-2B249EF5ABE1}.Debug|Any CPU.ActiveCfg = Debug|Any CPU
		{780E216A-0140-450A-88D2-2B249EF5ABE1}.Debug|Any CPU.Build.0 = Debug|Any CPU
		{780E216A-0140-450A-88D2-2B249EF5ABE1}.Release|Any CPU.ActiveCfg = Release|Any CPU
		{780E216A-0140-450A-88D2-2B249EF5ABE1}.Release|Any CPU.Build.0 = Release|Any CPU
	EndGlobalSection
	GlobalSection(SolutionProperties) = preSolution
		HideSolutionNode = FALSE
	EndGlobalSection
	GlobalSection(ExtensibilityGlobals) = postSolution
		SolutionGuid = {104BE716-F8A1-44B3-974E-6E20B539D866}
	EndGlobalSection
EndGlobal
